// !$*UTF8*$!
{
	archiveVersion = 1;
	classes = {
	};
	objectVersion = 48;
	objects = {

/* Begin PBXBuildFile section */
		A66A29FF8588B3AFA0EA50B1 /* Pods_wallace_ios_remote_control.framework in Frameworks */ = {isa = PBXBuildFile; fileRef = 9AD27564939E288E8723A5F9 /* Pods_wallace_ios_remote_control.framework */; };
		ABFE5FC31F0B041100BBD009 /* AppDelegate.swift in Sources */ = {isa = PBXBuildFile; fileRef = ABFE5FC21F0B041100BBD009 /* AppDelegate.swift */; };
		ABFE5FC51F0B041100BBD009 /* ViewController.swift in Sources */ = {isa = PBXBuildFile; fileRef = ABFE5FC41F0B041100BBD009 /* ViewController.swift */; };
		ABFE5FC81F0B041100BBD009 /* Main.storyboard in Resources */ = {isa = PBXBuildFile; fileRef = ABFE5FC61F0B041100BBD009 /* Main.storyboard */; };
		ABFE5FCA1F0B041100BBD009 /* Assets.xcassets in Resources */ = {isa = PBXBuildFile; fileRef = ABFE5FC91F0B041100BBD009 /* Assets.xcassets */; };
		ABFE5FCD1F0B041100BBD009 /* LaunchScreen.storyboard in Resources */ = {isa = PBXBuildFile; fileRef = ABFE5FCB1F0B041100BBD009 /* LaunchScreen.storyboard */; };
/* End PBXBuildFile section */

/* Begin PBXFileReference section */
		53649DD62B1BF0C944E0BBD9 /* Pods-wallace-ios-remote-control.release.xcconfig */ = {isa = PBXFileReference; includeInIndex = 1; lastKnownFileType = text.xcconfig; name = "Pods-wallace-ios-remote-control.release.xcconfig"; path = "Pods/Target Support Files/Pods-wallace-ios-remote-control/Pods-wallace-ios-remote-control.release.xcconfig"; sourceTree = "<group>"; };
		9AD27564939E288E8723A5F9 /* Pods_wallace_ios_remote_control.framework */ = {isa = PBXFileReference; explicitFileType = wrapper.framework; includeInIndex = 0; path = Pods_wallace_ios_remote_control.framework; sourceTree = BUILT_PRODUCTS_DIR; };
		ABFE5FBF1F0B041100BBD009 /* wallace-ios-remote-control.app */ = {isa = PBXFileReference; explicitFileType = wrapper.application; includeInIndex = 0; path = "wallace-ios-remote-control.app"; sourceTree = BUILT_PRODUCTS_DIR; };
		ABFE5FC21F0B041100BBD009 /* AppDelegate.swift */ = {isa = PBXFileReference; lastKnownFileType = sourcecode.swift; path = AppDelegate.swift; sourceTree = "<group>"; };
		ABFE5FC41F0B041100BBD009 /* ViewController.swift */ = {isa = PBXFileReference; lastKnownFileType = sourcecode.swift; path = ViewController.swift; sourceTree = "<group>"; };
		ABFE5FC71F0B041100BBD009 /* Base */ = {isa = PBXFileReference; lastKnownFileType = file.storyboard; name = Base; path = Base.lproj/Main.storyboard; sourceTree = "<group>"; };
		ABFE5FC91F0B041100BBD009 /* Assets.xcassets */ = {isa = PBXFileReference; lastKnownFileType = folder.assetcatalog; path = Assets.xcassets; sourceTree = "<group>"; };
		ABFE5FCC1F0B041100BBD009 /* Base */ = {isa = PBXFileReference; lastKnownFileType = file.storyboard; name = Base; path = Base.lproj/LaunchScreen.storyboard; sourceTree = "<group>"; };
		ABFE5FCE1F0B041100BBD009 /* Info.plist */ = {isa = PBXFileReference; lastKnownFileType = text.plist.xml; path = Info.plist; sourceTree = "<group>"; };
		E37EF9FC2BB03E73C1F3B8C0 /* Pods-wallace-ios-remote-control.debug.xcconfig */ = {isa = PBXFileReference; includeInIndex = 1; lastKnownFileType = text.xcconfig; name = "Pods-wallace-ios-remote-control.debug.xcconfig"; path = "Pods/Target Support Files/Pods-wallace-ios-remote-control/Pods-wallace-ios-remote-control.debug.xcconfig"; sourceTree = "<group>"; };
/* End PBXFileReference section */

/* Begin PBXFrameworksBuildPhase section */
		ABFE5FBC1F0B041100BBD009 /* Frameworks */ = {
			isa = PBXFrameworksBuildPhase;
			buildActionMask = 2147483647;
			files = (
				A66A29FF8588B3AFA0EA50B1 /* Pods_wallace_ios_remote_control.framework in Frameworks */,
			);
			runOnlyForDeploymentPostprocessing = 0;
		};
/* End PBXFrameworksBuildPhase section */

/* Begin PBXGroup section */
		054419CAFA34EF4F549760ED /* Pods */ = {
			isa = PBXGroup;
			children = (
				E37EF9FC2BB03E73C1F3B8C0 /* Pods-wallace-ios-remote-control.debug.xcconfig */,
				53649DD62B1BF0C944E0BBD9 /* Pods-wallace-ios-remote-control.release.xcconfig */,
			);
			name = Pods;
			sourceTree = "<group>";
		};
		43AFEED1E826450B3C277C80 /* Frameworks */ = {
			isa = PBXGroup;
			children = (
				9AD27564939E288E8723A5F9 /* Pods_wallace_ios_remote_control.framework */,
			);
			name = Frameworks;
			sourceTree = "<group>";
		};
		ABFE5FB61F0B041100BBD009 = {
			isa = PBXGroup;
			children = (
				ABFE5FC11F0B041100BBD009 /* wallace-ios-remote-control */,
				ABFE5FC01F0B041100BBD009 /* Products */,
				054419CAFA34EF4F549760ED /* Pods */,
				43AFEED1E826450B3C277C80 /* Frameworks */,
			);
			sourceTree = "<group>";
		};
		ABFE5FC01F0B041100BBD009 /* Products */ = {
			isa = PBXGroup;
			children = (
				ABFE5FBF1F0B041100BBD009 /* wallace-ios-remote-control.app */,
			);
			name = Products;
			sourceTree = "<group>";
		};
		ABFE5FC11F0B041100BBD009 /* wallace-ios-remote-control */ = {
			isa = PBXGroup;
			children = (
				ABFE5FC21F0B041100BBD009 /* AppDelegate.swift */,
				ABFE5FC41F0B041100BBD009 /* ViewController.swift */,
				ABFE5FC61F0B041100BBD009 /* Main.storyboard */,
				ABFE5FC91F0B041100BBD009 /* Assets.xcassets */,
				ABFE5FCB1F0B041100BBD009 /* LaunchScreen.storyboard */,
				ABFE5FCE1F0B041100BBD009 /* Info.plist */,
			);
			path = "wallace-ios-remote-control";
			sourceTree = "<group>";
		};
/* End PBXGroup section */

/* Begin PBXNativeTarget section */
		ABFE5FBE1F0B041100BBD009 /* wallace-ios-remote-control */ = {
			isa = PBXNativeTarget;
			buildConfigurationList = ABFE5FD11F0B041100BBD009 /* Build configuration list for PBXNativeTarget "wallace-ios-remote-control" */;
			buildPhases = (
				FBC6D3E895EF1BC864E2518D /* [CP] Check Pods Manifest.lock */,
				ABFE5FBB1F0B041100BBD009 /* Sources */,
				ABFE5FBC1F0B041100BBD009 /* Frameworks */,
				ABFE5FBD1F0B041100BBD009 /* Resources */,
				53895DCC9D1C43373402D314 /* [CP] Embed Pods Frameworks */,
				2F02A88B7C9D4561FB13BE28 /* [CP] Copy Pods Resources */,
			);
			buildRules = (
			);
			dependencies = (
			);
			name = "wallace-ios-remote-control";
			productName = "wallace-ios-remote-control";
			productReference = ABFE5FBF1F0B041100BBD009 /* wallace-ios-remote-control.app */;
			productType = "com.apple.product-type.application";
		};
/* End PBXNativeTarget section */

/* Begin PBXProject section */
		ABFE5FB71F0B041100BBD009 /* Project object */ = {
			isa = PBXProject;
			attributes = {
				LastSwiftUpdateCheck = 0900;
				LastUpgradeCheck = 0900;
				ORGANIZATIONNAME = "Jonathan Böcker";
				TargetAttributes = {
					ABFE5FBE1F0B041100BBD009 = {
						CreatedOnToolsVersion = 9.0;
					};
				};
			};
			buildConfigurationList = ABFE5FBA1F0B041100BBD009 /* Build configuration list for PBXProject "wallace-ios-remote-control" */;
			compatibilityVersion = "Xcode 8.0";
			developmentRegion = en;
			hasScannedForEncodings = 0;
			knownRegions = (
				en,
				Base,
			);
			mainGroup = ABFE5FB61F0B041100BBD009;
			productRefGroup = ABFE5FC01F0B041100BBD009 /* Products */;
			projectDirPath = "";
			projectRoot = "";
			targets = (
				ABFE5FBE1F0B041100BBD009 /* wallace-ios-remote-control */,
			);
		};
/* End PBXProject section */

/* Begin PBXResourcesBuildPhase section */
		ABFE5FBD1F0B041100BBD009 /* Resources */ = {
			isa = PBXResourcesBuildPhase;
			buildActionMask = 2147483647;
			files = (
				ABFE5FCD1F0B041100BBD009 /* LaunchScreen.storyboard in Resources */,
				ABFE5FCA1F0B041100BBD009 /* Assets.xcassets in Resources */,
				ABFE5FC81F0B041100BBD009 /* Main.storyboard in Resources */,
			);
			runOnlyForDeploymentPostprocessing = 0;
		};
/* End PBXResourcesBuildPhase section */

/* Begin PBXShellScriptBuildPhase section */
		2F02A88B7C9D4561FB13BE28 /* [CP] Copy Pods Resources */ = {
			isa = PBXShellScriptBuildPhase;
			buildActionMask = 2147483647;
			files = (
			);
			inputPaths = (
			);
			name = "[CP] Copy Pods Resources";
			outputPaths = (
			);
			runOnlyForDeploymentPostprocessing = 0;
			shellPath = /bin/sh;
			shellScript = "\"${SRCROOT}/Pods/Target Support Files/Pods-wallace-ios-remote-control/Pods-wallace-ios-remote-control-resources.sh\"\n";
			showEnvVarsInLog = 0;
		};
		53895DCC9D1C43373402D314 /* [CP] Embed Pods Frameworks */ = {
			isa = PBXShellScriptBuildPhase;
			buildActionMask = 2147483647;
			files = (
			);
			inputPaths = (
			);
			name = "[CP] Embed Pods Frameworks";
			outputPaths = (
			);
			runOnlyForDeploymentPostprocessing = 0;
			shellPath = /bin/sh;
			shellScript = "\"${SRCROOT}/Pods/Target Support Files/Pods-wallace-ios-remote-control/Pods-wallace-ios-remote-control-frameworks.sh\"\n";
			showEnvVarsInLog = 0;
		};
		FBC6D3E895EF1BC864E2518D /* [CP] Check Pods Manifest.lock */ = {
			isa = PBXShellScriptBuildPhase;
			buildActionMask = 2147483647;
			files = (
			);
			inputPaths = (
			);
			name = "[CP] Check Pods Manifest.lock";
			outputPaths = (
			);
			runOnlyForDeploymentPostprocessing = 0;
			shellPath = /bin/sh;
			shellScript = "diff \"${PODS_PODFILE_DIR_PATH}/Podfile.lock\" \"${PODS_ROOT}/Manifest.lock\" > /dev/null\nif [ $? != 0 ] ; then\n    # print error to STDERR\n    echo \"error: The sandbox is not in sync with the Podfile.lock. Run 'pod install' or update your CocoaPods installation.\" >&2\n    exit 1\nfi\n";
			showEnvVarsInLog = 0;
		};
/* End PBXShellScriptBuildPhase section */

/* Begin PBXSourcesBuildPhase section */
		ABFE5FBB1F0B041100BBD009 /* Sources */ = {
			isa = PBXSourcesBuildPhase;
			buildActionMask = 2147483647;
			files = (
				ABFE5FC51F0B041100BBD009 /* ViewController.swift in Sources */,
				ABFE5FC31F0B041100BBD009 /* AppDelegate.swift in Sources */,
			);
			runOnlyForDeploymentPostprocessing = 0;
		};
/* End PBXSourcesBuildPhase section */

/* Begin PBXVariantGroup section */
		ABFE5FC61F0B041100BBD009 /* Main.storyboard */ = {
			isa = PBXVariantGroup;
			children = (
				ABFE5FC71F0B041100BBD009 /* Base */,
			);
			name = Main.storyboard;
			sourceTree = "<group>";
		};
		ABFE5FCB1F0B041100BBD009 /* LaunchScreen.storyboard */ = {
			isa = PBXVariantGroup;
			children = (
				ABFE5FCC1F0B041100BBD009 /* Base */,
			);
			name = LaunchScreen.storyboard;
			sourceTree = "<group>";
		};
/* End PBXVariantGroup section */

/* Begin XCBuildConfiguration section */
		ABFE5FCF1F0B041100BBD009 /* Debug */ = {
			isa = XCBuildConfiguration;
			buildSettings = {
				ALWAYS_SEARCH_USER_PATHS = NO;
				CLANG_ANALYZER_NONNULL = YES;
				CLANG_ANALYZER_NUMBER_OBJECT_CONVERSION = YES_AGGRESSIVE;
				CLANG_CXX_LANGUAGE_STANDARD = "gnu++14";
				CLANG_CXX_LIBRARY = "libc++";
				CLANG_ENABLE_MODULES = YES;
				CLANG_ENABLE_OBJC_ARC = YES;
				CLANG_WARN_BLOCK_CAPTURE_AUTORELEASING = YES;
				CLANG_WARN_BOOL_CONVERSION = YES;
				CLANG_WARN_COMMA = YES;
				CLANG_WARN_CONSTANT_CONVERSION = YES;
				CLANG_WARN_DIRECT_OBJC_ISA_USAGE = YES_ERROR;
				CLANG_WARN_DOCUMENTATION_COMMENTS = YES;
				CLANG_WARN_EMPTY_BODY = YES;
				CLANG_WARN_ENUM_CONVERSION = YES;
				CLANG_WARN_INFINITE_RECURSION = YES;
				CLANG_WARN_INT_CONVERSION = YES;
				CLANG_WARN_OBJC_ROOT_CLASS = YES_ERROR;
				CLANG_WARN_RANGE_LOOP_ANALYSIS = YES;
				CLANG_WARN_STRICT_PROTOTYPES = YES;
				CLANG_WARN_SUSPICIOUS_MOVE = YES;
				CLANG_WARN_UNGUARDED_AVAILABILITY = YES_AGGRESSIVE;
				CLANG_WARN_UNREACHABLE_CODE = YES;
				CLANG_WARN__DUPLICATE_METHOD_MATCH = YES;
				CODE_SIGN_IDENTITY = "iPhone Developer";
				COPY_PHASE_STRIP = NO;
				DEBUG_INFORMATION_FORMAT = dwarf;
				ENABLE_STRICT_OBJC_MSGSEND = YES;
				ENABLE_TESTABILITY = YES;
				GCC_C_LANGUAGE_STANDARD = gnu11;
				GCC_DYNAMIC_NO_PIC = NO;
				GCC_NO_COMMON_BLOCKS = YES;
				GCC_OPTIMIZATION_LEVEL = 0;
				GCC_PREPROCESSOR_DEFINITIONS = (
					"DEBUG=1",
					"$(inherited)",
				);
				GCC_WARN_64_TO_32_BIT_CONVERSION = YES;
				GCC_WARN_ABOUT_RETURN_TYPE = YES_ERROR;
				GCC_WARN_UNDECLARED_SELECTOR = YES;
				GCC_WARN_UNINITIALIZED_AUTOS = YES_AGGRESSIVE;
				GCC_WARN_UNUSED_FUNCTION = YES;
				GCC_WARN_UNUSED_VARIABLE = YES;
				IPHONEOS_DEPLOYMENT_TARGET = 11.0;
				MTL_ENABLE_DEBUG_INFO = YES;
				ONLY_ACTIVE_ARCH = YES;
				SDKROOT = iphoneos;
				SWIFT_ACTIVE_COMPILATION_CONDITIONS = DEBUG;
				SWIFT_OPTIMIZATION_LEVEL = "-Onone";
			};
			name = Debug;
		};
		ABFE5FD01F0B041100BBD009 /* Release */ = {
			isa = XCBuildConfiguration;
			buildSettings = {
				ALWAYS_SEARCH_USER_PATHS = NO;
				CLANG_ANALYZER_NONNULL = YES;
				CLANG_ANALYZER_NUMBER_OBJECT_CONVERSION = YES_AGGRESSIVE;
				CLANG_CXX_LANGUAGE_STANDARD = "gnu++14";
				CLANG_CXX_LIBRARY = "libc++";
				CLANG_ENABLE_MODULES = YES;
				CLANG_ENABLE_OBJC_ARC = YES;
				CLANG_WARN_BLOCK_CAPTURE_AUTORELEASING = YES;
				CLANG_WARN_BOOL_CONVERSION = YES;
				CLANG_WARN_COMMA = YES;
				CLANG_WARN_CONSTANT_CONVERSION = YES;
				CLANG_WARN_DIRECT_OBJC_ISA_USAGE = YES_ERROR;
				CLANG_WARN_DOCUMENTATION_COMMENTS = YES;
				CLANG_WARN_EMPTY_BODY = YES;
				CLANG_WARN_ENUM_CONVERSION = YES;
				CLANG_WARN_INFINITE_RECURSION = YES;
				CLANG_WARN_INT_CONVERSION = YES;
				CLANG_WARN_OBJC_ROOT_CLASS = YES_ERROR;
				CLANG_WARN_RANGE_LOOP_ANALYSIS = YES;
				CLANG_WARN_STRICT_PROTOTYPES = YES;
				CLANG_WARN_SUSPICIOUS_MOVE = YES;
				CLANG_WARN_UNGUARDED_AVAILABILITY = YES_AGGRESSIVE;
				CLANG_WARN_UNREACHABLE_CODE = YES;
				CLANG_WARN__DUPLICATE_METHOD_MATCH = YES;
				CODE_SIGN_IDENTITY = "iPhone Developer";
				COPY_PHASE_STRIP = NO;
				DEBUG_INFORMATION_FORMAT = "dwarf-with-dsym";
				ENABLE_NS_ASSERTIONS = NO;
				ENABLE_STRICT_OBJC_MSGSEND = YES;
				GCC_C_LANGUAGE_STANDARD = gnu11;
				GCC_NO_COMMON_BLOCKS = YES;
				GCC_WARN_64_TO_32_BIT_CONVERSION = YES;
				GCC_WARN_ABOUT_RETURN_TYPE = YES_ERROR;
				GCC_WARN_UNDECLARED_SELECTOR = YES;
				GCC_WARN_UNINITIALIZED_AUTOS = YES_AGGRESSIVE;
				GCC_WARN_UNUSED_FUNCTION = YES;
				GCC_WARN_UNUSED_VARIABLE = YES;
				IPHONEOS_DEPLOYMENT_TARGET = 11.0;
				MTL_ENABLE_DEBUG_INFO = NO;
				SDKROOT = iphoneos;
				SWIFT_OPTIMIZATION_LEVEL = "-Owholemodule";
				VALIDATE_PRODUCT = YES;
			};
			name = Release;
		};
		ABFE5FD21F0B041100BBD009 /* Debug */ = {
			isa = XCBuildConfiguration;
			baseConfigurationReference = E37EF9FC2BB03E73C1F3B8C0 /* Pods-wallace-ios-remote-control.debug.xcconfig */;
			buildSettings = {
				ASSETCATALOG_COMPILER_APPICON_NAME = AppIcon;
				INFOPLIST_FILE = "wallace-ios-remote-control/Info.plist";
				LD_RUNPATH_SEARCH_PATHS = "$(inherited) @executable_path/Frameworks";
				PRODUCT_BUNDLE_IDENTIFIER = "com.bocker.wallace-ios-remote-control";
				PRODUCT_NAME = "$(TARGET_NAME)";
				SWIFT_VERSION = 4.0;
				TARGETED_DEVICE_FAMILY = "1,2";
			};
			name = Debug;
		};
		ABFE5FD31F0B041100BBD009 /* Release */ = {
			isa = XCBuildConfiguration;
			baseConfigurationReference = 53649DD62B1BF0C944E0BBD9 /* Pods-wallace-ios-remote-control.release.xcconfig */;
			buildSettings = {
				ASSETCATALOG_COMPILER_APPICON_NAME = AppIcon;
				INFOPLIST_FILE = "wallace-ios-remote-control/Info.plist";
				LD_RUNPATH_SEARCH_PATHS = "$(inherited) @executable_path/Frameworks";
				PRODUCT_BUNDLE_IDENTIFIER = "com.bocker.wallace-ios-remote-control";
				PRODUCT_NAME = "$(TARGET_NAME)";
				SWIFT_VERSION = 4.0;
				TARGETED_DEVICE_FAMILY = "1,2";
			};
			name = Release;
		};
/* End XCBuildConfiguration section */

/* Begin XCConfigurationList section */
		ABFE5FBA1F0B041100BBD009 /* Build configuration list for PBXProject "wallace-ios-remote-control" */ = {
			isa = XCConfigurationList;
			buildConfigurations = (
				ABFE5FCF1F0B041100BBD009 /* Debug */,
				ABFE5FD01F0B041100BBD009 /* Release */,
			);
			defaultConfigurationIsVisible = 0;
			defaultConfigurationName = Release;
		};
		ABFE5FD11F0B041100BBD009 /* Build configuration list for PBXNativeTarget "wallace-ios-remote-control" */ = {
			isa = XCConfigurationList;
			buildConfigurations = (
				ABFE5FD21F0B041100BBD009 /* Debug */,
				ABFE5FD31F0B041100BBD009 /* Release */,
			);
			defaultConfigurationIsVisible = 0;
		};
/* End XCConfigurationList section */
	};
	rootObject = ABFE5FB71F0B041100BBD009 /* Project object */;
}
